# This file is automatically @generated by Cargo.
# It is not intended for manual editing.
version = 3

[[package]]
name = "anki_ft_ast"
version = "0.1.0"

[[package]]
name = "anki_ft_lexer"
version = "0.1.0"

[[package]]
name = "anki_ft_parse"
version = "0.1.0"

[[package]]
name = "anki_ftc"
version = "0.1.0"
dependencies = [
 "anki_ft_ast",
 "anki_ft_lexer",
 "anki_ft_parse",
]

[[package]]
name = "compiler_test"
version = "0.1.0"
dependencies = [
 "anki_ft_ast",
 "anki_ft_lexer",
 "anki_ft_parse",
]
